
Microsoft Visual Studio Solution File, Format Version 12.00
# Visual Studio Version 17
VisualStudioVersion = 17.7.34202.233
MinimumVisualStudioVersion = 10.0.40219.1
Project("{9A19103F-16F7-4668-BE54-9A1E7A4F7556}") = "Paschi.GitHubActions.AzureStorageToFtp", "Paschi.GitHubActions.AzureStorageToFtp\Paschi.GitHubActions.AzureStorageToFtp.csproj", "{5F95CE17-EDB4-4E22-9D7C-86A74D183C24}"
EndProject
Project("{2150E333-8FDC-42A3-9474-1A3956D46DE8}") = "Solution Items", "Solution Items", "{60FD0CC1-F8F4-41B7-B07A-7172CC6A4379}"
	ProjectSection(SolutionItems) = preProject
		.dockerignore = .dockerignore
		.gitignore = .gitignore
		action.yml = action.yml
		Dockerfile = Dockerfile
		README.md = README.md
	EndProjectSection
EndProject
Global
	GlobalSection(SolutionConfigurationPlatforms) = preSolution
		Debug|Any CPU = Debug|Any CPU
		Release|Any CPU = Release|Any CPU
	EndGlobalSection
	GlobalSection(ProjectConfigurationPlatforms) = postSolution
		{5F95CE17-EDB4-4E22-9D7C-86A74D183C24}.Debug|Any CPU.ActiveCfg = Debug|Any CPU
		{5F95CE17-EDB4-4E22-9D7C-86A74D183C24}.Debug|Any CPU.Build.0 = Debug|Any CPU
		{5F95CE17-EDB4-4E22-9D7C-86A74D183C24}.Release|Any CPU.ActiveCfg = Release|Any CPU
		{5F95CE17-EDB4-4E22-9D7C-86A74D183C24}.Release|Any CPU.Build.0 = Release|Any CPU
	EndGlobalSection
	GlobalSection(SolutionProperties) = preSolution
		HideSolutionNode = FALSE
	EndGlobalSection
	GlobalSection(ExtensibilityGlobals) = postSolution
		SolutionGuid = {2D0D7E64-732B-44EF-A63D-FE9C225486D5}
	EndGlobalSection
EndGlobal
